
Microsoft Visual Studio Solution File, Format Version 12.00
# Visual Studio 15
VisualStudioVersion = 15.0.27703.2018
MinimumVisualStudioVersion = 10.0.40219.1
Project("{FAE04EC0-301F-11D3-BF4B-00C04F79EFBC}") = "PsMongo", "PsMongo\PsMongo.csproj", "{4F36385E-EC1D-45E8-B983-5FE30EA75361}"
EndProject
Global
	GlobalSection(SolutionConfigurationPlatforms) = preSolution
		Debug|Any CPU = Debug|Any CPU
		Release|Any CPU = Release|Any CPU
	EndGlobalSection
	GlobalSection(ProjectConfigurationPlatforms) = postSolution
		{4F36385E-EC1D-45E8-B983-5FE30EA75361}.Debug|Any CPU.ActiveCfg = Debug|Any CPU
		{4F36385E-EC1D-45E8-B983-5FE30EA75361}.Debug|Any CPU.Build.0 = Debug|Any CPU
		{4F36385E-EC1D-45E8-B983-5FE30EA75361}.Release|Any CPU.ActiveCfg = Release|Any CPU
		{4F36385E-EC1D-45E8-B983-5FE30EA75361}.Release|Any CPU.Build.0 = Release|Any CPU
	EndGlobalSection
	GlobalSection(SolutionProperties) = preSolution
		HideSolutionNode = FALSE
	EndGlobalSection
	GlobalSection(ExtensibilityGlobals) = postSolution
		SolutionGuid = {CDF8A683-0120-47A7-BB87-16EA066B9183}
	EndGlobalSection
EndGlobal
